
Microsoft Visual Studio Solution File, Format Version 12.00
# Visual Studio Version 17
VisualStudioVersion = 17.8.34525.116
MinimumVisualStudioVersion = 10.0.40219.1
Project("{FAE04EC0-301F-11D3-BF4B-00C04F79EFBC}") = "IsPalindrome", "IsPalindrome.csproj", "{0EE0A7DE-8C79-4C6B-BC25-64C9E09AB023}"
EndProject
Global
	GlobalSection(SolutionConfigurationPlatforms) = preSolution
		Debug|Any CPU = Debug|Any CPU
		Release|Any CPU = Release|Any CPU
	EndGlobalSection
	GlobalSection(ProjectConfigurationPlatforms) = postSolution
		{0EE0A7DE-8C79-4C6B-BC25-64C9E09AB023}.Debug|Any CPU.ActiveCfg = Debug|Any CPU
		{0EE0A7DE-8C79-4C6B-BC25-64C9E09AB023}.Debug|Any CPU.Build.0 = Debug|Any CPU
		{0EE0A7DE-8C79-4C6B-BC25-64C9E09AB023}.Release|Any CPU.ActiveCfg = Release|Any CPU
		{0EE0A7DE-8C79-4C6B-BC25-64C9E09AB023}.Release|Any CPU.Build.0 = Release|Any CPU
	EndGlobalSection
	GlobalSection(SolutionProperties) = preSolution
		HideSolutionNode = FALSE
	EndGlobalSection
	GlobalSection(ExtensibilityGlobals) = postSolution
		SolutionGuid = {48464C99-6249-445A-8C62-13E807F86DFA}
	EndGlobalSection
EndGlobal
