
Microsoft Visual Studio Solution File, Format Version 12.00
# Visual Studio Version 17
VisualStudioVersion = 17.8.34525.116
MinimumVisualStudioVersion = 10.0.40219.1
Project("{FAE04EC0-301F-11D3-BF4B-00C04F79EFBC}") = "ThreeIncreasingAdjacent", "ThreeIncreasingAdjacent.csproj", "{88262B24-67F8-4B49-9B2C-B0085B63B608}"
EndProject
Global
	GlobalSection(SolutionConfigurationPlatforms) = preSolution
		Debug|Any CPU = Debug|Any CPU
		Release|Any CPU = Release|Any CPU
	EndGlobalSection
	GlobalSection(ProjectConfigurationPlatforms) = postSolution
		{88262B24-67F8-4B49-9B2C-B0085B63B608}.Debug|Any CPU.ActiveCfg = Debug|Any CPU
		{88262B24-67F8-4B49-9B2C-B0085B63B608}.Debug|Any CPU.Build.0 = Debug|Any CPU
		{88262B24-67F8-4B49-9B2C-B0085B63B608}.Release|Any CPU.ActiveCfg = Release|Any CPU
		{88262B24-67F8-4B49-9B2C-B0085B63B608}.Release|Any CPU.Build.0 = Release|Any CPU
	EndGlobalSection
	GlobalSection(SolutionProperties) = preSolution
		HideSolutionNode = FALSE
	EndGlobalSection
	GlobalSection(ExtensibilityGlobals) = postSolution
		SolutionGuid = {8BA48075-8473-424F-B7C7-A52C62FD797F}
	EndGlobalSection
EndGlobal
