
Microsoft Visual Studio Solution File, Format Version 12.00
# Visual Studio Version 17
VisualStudioVersion = 17.8.34525.116
MinimumVisualStudioVersion = 10.0.40219.1
Project("{FAE04EC0-301F-11D3-BF4B-00C04F79EFBC}") = "Terningespil", "Terningespil.csproj", "{8310D180-313A-4D7C-AADA-1716C264C8C5}"
EndProject
Global
	GlobalSection(SolutionConfigurationPlatforms) = preSolution
		Debug|Any CPU = Debug|Any CPU
		Release|Any CPU = Release|Any CPU
	EndGlobalSection
	GlobalSection(ProjectConfigurationPlatforms) = postSolution
		{8310D180-313A-4D7C-AADA-1716C264C8C5}.Debug|Any CPU.ActiveCfg = Debug|Any CPU
		{8310D180-313A-4D7C-AADA-1716C264C8C5}.Debug|Any CPU.Build.0 = Debug|Any CPU
		{8310D180-313A-4D7C-AADA-1716C264C8C5}.Release|Any CPU.ActiveCfg = Release|Any CPU
		{8310D180-313A-4D7C-AADA-1716C264C8C5}.Release|Any CPU.Build.0 = Release|Any CPU
	EndGlobalSection
	GlobalSection(SolutionProperties) = preSolution
		HideSolutionNode = FALSE
	EndGlobalSection
	GlobalSection(ExtensibilityGlobals) = postSolution
		SolutionGuid = {4F27B106-983E-48AE-89BA-D1704260A384}
	EndGlobalSection
EndGlobal
