
Microsoft Visual Studio Solution File, Format Version 12.00
# Visual Studio Version 17
VisualStudioVersion = 17.8.34525.116
MinimumVisualStudioVersion = 10.0.40219.1
Project("{FAE04EC0-301F-11D3-BF4B-00C04F79EFBC}") = "IfNumber", "IfNumber.csproj", "{433E43B5-9A04-404B-AAC5-472EB24218EF}"
EndProject
Global
	GlobalSection(SolutionConfigurationPlatforms) = preSolution
		Debug|Any CPU = Debug|Any CPU
		Release|Any CPU = Release|Any CPU
	EndGlobalSection
	GlobalSection(ProjectConfigurationPlatforms) = postSolution
		{433E43B5-9A04-404B-AAC5-472EB24218EF}.Debug|Any CPU.ActiveCfg = Debug|Any CPU
		{433E43B5-9A04-404B-AAC5-472EB24218EF}.Debug|Any CPU.Build.0 = Debug|Any CPU
		{433E43B5-9A04-404B-AAC5-472EB24218EF}.Release|Any CPU.ActiveCfg = Release|Any CPU
		{433E43B5-9A04-404B-AAC5-472EB24218EF}.Release|Any CPU.Build.0 = Release|Any CPU
	EndGlobalSection
	GlobalSection(SolutionProperties) = preSolution
		HideSolutionNode = FALSE
	EndGlobalSection
	GlobalSection(ExtensibilityGlobals) = postSolution
		SolutionGuid = {854A90AE-B7B2-44BA-BFCB-D4676A25F557}
	EndGlobalSection
EndGlobal
