
Microsoft Visual Studio Solution File, Format Version 12.00
# Visual Studio Version 17
VisualStudioVersion = 17.8.34525.116
MinimumVisualStudioVersion = 10.0.40219.1
Project("{FAE04EC0-301F-11D3-BF4B-00C04F79EFBC}") = "IfYear", "IfYear.csproj", "{879CFF14-F4DA-4EF0-8937-50EC81874A1B}"
EndProject
Global
	GlobalSection(SolutionConfigurationPlatforms) = preSolution
		Debug|Any CPU = Debug|Any CPU
		Release|Any CPU = Release|Any CPU
	EndGlobalSection
	GlobalSection(ProjectConfigurationPlatforms) = postSolution
		{879CFF14-F4DA-4EF0-8937-50EC81874A1B}.Debug|Any CPU.ActiveCfg = Debug|Any CPU
		{879CFF14-F4DA-4EF0-8937-50EC81874A1B}.Debug|Any CPU.Build.0 = Debug|Any CPU
		{879CFF14-F4DA-4EF0-8937-50EC81874A1B}.Release|Any CPU.ActiveCfg = Release|Any CPU
		{879CFF14-F4DA-4EF0-8937-50EC81874A1B}.Release|Any CPU.Build.0 = Release|Any CPU
	EndGlobalSection
	GlobalSection(SolutionProperties) = preSolution
		HideSolutionNode = FALSE
	EndGlobalSection
	GlobalSection(ExtensibilityGlobals) = postSolution
		SolutionGuid = {F463A897-0E7C-45A9-810D-909311766C00}
	EndGlobalSection
EndGlobal
