
Microsoft Visual Studio Solution File, Format Version 12.00
# Visual Studio Version 17
VisualStudioVersion = 17.8.34525.116
MinimumVisualStudioVersion = 10.0.40219.1
Project("{FAE04EC0-301F-11D3-BF4B-00C04F79EFBC}") = "MultiplicationTable", "MultiplicationTable.csproj", "{B7960928-28E8-47F9-88FA-F5D909350665}"
EndProject
Global
	GlobalSection(SolutionConfigurationPlatforms) = preSolution
		Debug|Any CPU = Debug|Any CPU
		Release|Any CPU = Release|Any CPU
	EndGlobalSection
	GlobalSection(ProjectConfigurationPlatforms) = postSolution
		{B7960928-28E8-47F9-88FA-F5D909350665}.Debug|Any CPU.ActiveCfg = Debug|Any CPU
		{B7960928-28E8-47F9-88FA-F5D909350665}.Debug|Any CPU.Build.0 = Debug|Any CPU
		{B7960928-28E8-47F9-88FA-F5D909350665}.Release|Any CPU.ActiveCfg = Release|Any CPU
		{B7960928-28E8-47F9-88FA-F5D909350665}.Release|Any CPU.Build.0 = Release|Any CPU
	EndGlobalSection
	GlobalSection(SolutionProperties) = preSolution
		HideSolutionNode = FALSE
	EndGlobalSection
	GlobalSection(ExtensibilityGlobals) = postSolution
		SolutionGuid = {C8B937E5-F04F-4587-BCBD-7C986FA9BA42}
	EndGlobalSection
EndGlobal
